
Microsoft Visual Studio Solution File, Format Version 12.00
Project("{FAE04EC0-301F-11D3-BF4B-00C04F79EFBC}") = "StormworksLuaDocsGen", "StormworksLuaDocsGen\StormworksLuaDocsGen.csproj", "{323FAA3E-28DC-402F-91F2-5A3257CF729A}"
EndProject
Global
	GlobalSection(SolutionConfigurationPlatforms) = preSolution
		Debug|Any CPU = Debug|Any CPU
		Release|Any CPU = Release|Any CPU
	EndGlobalSection
	GlobalSection(ProjectConfigurationPlatforms) = postSolution
		{323FAA3E-28DC-402F-91F2-5A3257CF729A}.Debug|Any CPU.ActiveCfg = Debug|Any CPU
		{323FAA3E-28DC-402F-91F2-5A3257CF729A}.Debug|Any CPU.Build.0 = Debug|Any CPU
		{323FAA3E-28DC-402F-91F2-5A3257CF729A}.Release|Any CPU.ActiveCfg = Release|Any CPU
		{323FAA3E-28DC-402F-91F2-5A3257CF729A}.Release|Any CPU.Build.0 = Release|Any CPU
	EndGlobalSection
EndGlobal
